
Microsoft Visual Studio Solution File, Format Version 12.00
# Visual Studio 15
VisualStudioVersion = 15.0.28307.902
MinimumVisualStudioVersion = 10.0.40219.1
Project("{8BC9CEB8-8B4A-11D0-8D11-00A0C91BC942}") = "GP_Assignment", "GP_Assignment.vcxproj", "{FF6A5A43-73DA-47A3-AEE2-B463C75C70DA}"
EndProject
Global
	GlobalSection(SolutionConfigurationPlatforms) = preSolution
		Debug|x64 = Debug|x64
		Debug|x86 = Debug|x86
		Release|x64 = Release|x64
		Release|x86 = Release|x86
	EndGlobalSection
	GlobalSection(ProjectConfigurationPlatforms) = postSolution
		{FF6A5A43-73DA-47A3-AEE2-B463C75C70DA}.Debug|x64.ActiveCfg = Debug|x64
		{FF6A5A43-73DA-47A3-AEE2-B463C75C70DA}.Debug|x64.Build.0 = Debug|x64
		{FF6A5A43-73DA-47A3-AEE2-B463C75C70DA}.Debug|x86.ActiveCfg = Debug|Win32
		{FF6A5A43-73DA-47A3-AEE2-B463C75C70DA}.Debug|x86.Build.0 = Debug|Win32
		{FF6A5A43-73DA-47A3-AEE2-B463C75C70DA}.Release|x64.ActiveCfg = Release|x64
		{FF6A5A43-73DA-47A3-AEE2-B463C75C70DA}.Release|x64.Build.0 = Release|x64
		{FF6A5A43-73DA-47A3-AEE2-B463C75C70DA}.Release|x86.ActiveCfg = Release|Win32
		{FF6A5A43-73DA-47A3-AEE2-B463C75C70DA}.Release|x86.Build.0 = Release|Win32
	EndGlobalSection
	GlobalSection(SolutionProperties) = preSolution
		HideSolutionNode = FALSE
	EndGlobalSection
	GlobalSection(ExtensibilityGlobals) = postSolution
		SolutionGuid = {7622600E-165F-4049-AD0D-C43A7D07088F}
	EndGlobalSection
EndGlobal
